
Microsoft Visual Studio Solution File, Format Version 12.00
# Visual Studio Version 16
VisualStudioVersion = 16.0.32802.440
MinimumVisualStudioVersion = 10.0.40219.1
Project("{FAE04EC0-301F-11D3-BF4B-00C04F79EFBC}") = "pz2", "pz2\pz2.csproj", "{C1B167A1-0AF4-49EE-875A-F7D728742708}"
EndProject
Global
	GlobalSection(SolutionConfigurationPlatforms) = preSolution
		Debug|Any CPU = Debug|Any CPU
		Release|Any CPU = Release|Any CPU
	EndGlobalSection
	GlobalSection(ProjectConfigurationPlatforms) = postSolution
		{C1B167A1-0AF4-49EE-875A-F7D728742708}.Debug|Any CPU.ActiveCfg = Debug|Any CPU
		{C1B167A1-0AF4-49EE-875A-F7D728742708}.Debug|Any CPU.Build.0 = Debug|Any CPU
		{C1B167A1-0AF4-49EE-875A-F7D728742708}.Release|Any CPU.ActiveCfg = Release|Any CPU
		{C1B167A1-0AF4-49EE-875A-F7D728742708}.Release|Any CPU.Build.0 = Release|Any CPU
	EndGlobalSection
	GlobalSection(SolutionProperties) = preSolution
		HideSolutionNode = FALSE
	EndGlobalSection
	GlobalSection(ExtensibilityGlobals) = postSolution
		SolutionGuid = {DB00C114-9AD9-4CC0-A577-22773DB2A7C2}
	EndGlobalSection
EndGlobal
