
Microsoft Visual Studio Solution File, Format Version 12.00
# Visual Studio Version 16
VisualStudioVersion = 16.0.32802.440
MinimumVisualStudioVersion = 10.0.40219.1
Project("{FAE04EC0-301F-11D3-BF4B-00C04F79EFBC}") = "pz3 4", "pz3 4\pz3 4.csproj", "{F3263428-C313-4D78-9AF9-66C72388BC30}"
EndProject
Global
	GlobalSection(SolutionConfigurationPlatforms) = preSolution
		Debug|Any CPU = Debug|Any CPU
		Release|Any CPU = Release|Any CPU
	EndGlobalSection
	GlobalSection(ProjectConfigurationPlatforms) = postSolution
		{F3263428-C313-4D78-9AF9-66C72388BC30}.Debug|Any CPU.ActiveCfg = Debug|Any CPU
		{F3263428-C313-4D78-9AF9-66C72388BC30}.Debug|Any CPU.Build.0 = Debug|Any CPU
		{F3263428-C313-4D78-9AF9-66C72388BC30}.Release|Any CPU.ActiveCfg = Release|Any CPU
		{F3263428-C313-4D78-9AF9-66C72388BC30}.Release|Any CPU.Build.0 = Release|Any CPU
	EndGlobalSection
	GlobalSection(SolutionProperties) = preSolution
		HideSolutionNode = FALSE
	EndGlobalSection
	GlobalSection(ExtensibilityGlobals) = postSolution
		SolutionGuid = {D67F2C09-9494-47A1-8CD2-8A5463A0A341}
	EndGlobalSection
EndGlobal
